// !$*UTF8*$!
{
	archiveVersion = 1;
	classes = {
	};
	objectVersion = 50;
	objects = {

/* Begin PBXBuildFile section */
		042B2CBD244595960026136F /* XCGLoggerViewController.swift in Sources */ = {isa = PBXBuildFile; fileRef = 042B2CBC244595960026136F /* XCGLoggerViewController.swift */; };
		042B2CBF2445A1050026136F /* CVCalendarViewController.swift in Sources */ = {isa = PBXBuildFile; fileRef = 042B2CBE2445A1050026136F /* CVCalendarViewController.swift */; };
		042B2CC12445B2510026136F /* CoreSpotlightViewController.swift in Sources */ = {isa = PBXBuildFile; fileRef = 042B2CC02445B2510026136F /* CoreSpotlightViewController.swift */; };
		042B2CC32445B7300026136F /* GCDWebServerViewController.swift in Sources */ = {isa = PBXBuildFile; fileRef = 042B2CC22445B7300026136F /* GCDWebServerViewController.swift */; };
		042B2CC52446AEE40026136F /* ObjectMapperViewController.swift in Sources */ = {isa = PBXBuildFile; fileRef = 042B2CC42446AEE40026136F /* ObjectMapperViewController.swift */; };
		042B2CC72446D8D40026136F /* BTNavigationDropdownMenuViewController.swift in Sources */ = {isa = PBXBuildFile; fileRef = 042B2CC62446D8D40026136F /* BTNavigationDropdownMenuViewController.swift */; };
		042B2CC92446D9780026136F /* PagingMenuControllerViewController.swift in Sources */ = {isa = PBXBuildFile; fileRef = 042B2CC82446D9780026136F /* PagingMenuControllerViewController.swift */; };
		042B2CCB2446DD060026136F /* SCLAlertViewViewController.swift in Sources */ = {isa = PBXBuildFile; fileRef = 042B2CCA2446DD060026136F /* SCLAlertViewViewController.swift */; };
		042B2CCD2446E05C0026136F /* StackViewViewController.swift in Sources */ = {isa = PBXBuildFile; fileRef = 042B2CCC2446E05C0026136F /* StackViewViewController.swift */; };
		042B2CCF2446E29A0026136F /* LayerViewController.swift in Sources */ = {isa = PBXBuildFile; fileRef = 042B2CCE2446E29A0026136F /* LayerViewController.swift */; };
		042B2CD12446E5B20026136F /* ARViewController.swift in Sources */ = {isa = PBXBuildFile; fileRef = 042B2CD02446E5B20026136F /* ARViewController.swift */; };
		042B2CD32446ECF60026136F /* WhereViewController.swift in Sources */ = {isa = PBXBuildFile; fileRef = 042B2CD22446ECF60026136F /* WhereViewController.swift */; };
		042B2CD52446F5200026136F /* NotificationsViewController.swift in Sources */ = {isa = PBXBuildFile; fileRef = 042B2CD42446F5200026136F /* NotificationsViewController.swift */; };
		042B2CD72446F7C50026136F /* CryptoSwiftViewController.swift in Sources */ = {isa = PBXBuildFile; fileRef = 042B2CD62446F7C50026136F /* CryptoSwiftViewController.swift */; };
		042B2CD92446FAA40026136F /* SetViewController.swift in Sources */ = {isa = PBXBuildFile; fileRef = 042B2CD82446FAA40026136F /* SetViewController.swift */; };
		042B2CDB2446FC050026136F /* SwipeCellKitViewController.swift in Sources */ = {isa = PBXBuildFile; fileRef = 042B2CDA2446FC050026136F /* SwipeCellKitViewController.swift */; };
		042B2CDD244704000026136F /* RxSwiftViewController.swift in Sources */ = {isa = PBXBuildFile; fileRef = 042B2CDC244704000026136F /* RxSwiftViewController.swift */; };
		042B2CDF24470DAC0026136F /* MBProgressHUDViewController.swift in Sources */ = {isa = PBXBuildFile; fileRef = 042B2CDE24470DAC0026136F /* MBProgressHUDViewController.swift */; };
		042B2CE12447F6CE0026136F /* ChartsViewController.swift in Sources */ = {isa = PBXBuildFile; fileRef = 042B2CE02447F6CE0026136F /* ChartsViewController.swift */; };
		042B2CE324482AE30026136F /* SwiftDateViewController.swift in Sources */ = {isa = PBXBuildFile; fileRef = 042B2CE224482AE30026136F /* SwiftDateViewController.swift */; };
		042B2CE524482BF10026136F /* PromiseKitViewController.swift in Sources */ = {isa = PBXBuildFile; fileRef = 042B2CE424482BF10026136F /* PromiseKitViewController.swift */; };
		042B2CE7244832190026136F /* AAInfographicsViewController.swift in Sources */ = {isa = PBXBuildFile; fileRef = 042B2CE6244832190026136F /* AAInfographicsViewController.swift */; };
		042B2CE92448356A0026136F /* SideMenuViewController.swift in Sources */ = {isa = PBXBuildFile; fileRef = 042B2CE82448356A0026136F /* SideMenuViewController.swift */; };
		0446D717245280090010F426 /* DictionaryViewController.swift in Sources */ = {isa = PBXBuildFile; fileRef = 0446D716245280090010F426 /* DictionaryViewController.swift */; };
		048D4859242AF75C00928810 /* FileViewController.swift in Sources */ = {isa = PBXBuildFile; fileRef = 048D4858242AF75C00928810 /* FileViewController.swift */; };
		048D485B242C4E5D00928810 /* LabelViewController.swift in Sources */ = {isa = PBXBuildFile; fileRef = 048D485A242C4E5D00928810 /* LabelViewController.swift */; };
		048D485D242C542D00928810 /* TextFieldViewController.swift in Sources */ = {isa = PBXBuildFile; fileRef = 048D485C242C542D00928810 /* TextFieldViewController.swift */; };
		048D485F242C58AF00928810 /* TextViewViewController.swift in Sources */ = {isa = PBXBuildFile; fileRef = 048D485E242C58AF00928810 /* TextViewViewController.swift */; };
		048D4861242C5FA100928810 /* SwitchViewController.swift in Sources */ = {isa = PBXBuildFile; fileRef = 048D4860242C5FA100928810 /* SwitchViewController.swift */; };
		048D4863242C660500928810 /* SegmentViewController.swift in Sources */ = {isa = PBXBuildFile; fileRef = 048D4862242C660500928810 /* SegmentViewController.swift */; };
		048D4865242C7E1F00928810 /* ImageViewController.swift in Sources */ = {isa = PBXBuildFile; fileRef = 048D4864242C7E1F00928810 /* ImageViewController.swift */; };
		048D4867242C82D700928810 /* ProgressViewController.swift in Sources */ = {isa = PBXBuildFile; fileRef = 048D4866242C82D700928810 /* ProgressViewController.swift */; };
		048D4869242C84FE00928810 /* SliderViewController.swift in Sources */ = {isa = PBXBuildFile; fileRef = 048D4868242C84FE00928810 /* SliderViewController.swift */; };
		048D486B242C88FE00928810 /* PickerViewController.swift in Sources */ = {isa = PBXBuildFile; fileRef = 048D486A242C88FE00928810 /* PickerViewController.swift */; };
		048D486D242C8EF500928810 /* StepperViewController.swift in Sources */ = {isa = PBXBuildFile; fileRef = 048D486C242C8EF500928810 /* StepperViewController.swift */; };
		048D486F242C91D600928810 /* ScrollViewViewController.swift in Sources */ = {isa = PBXBuildFile; fileRef = 048D486E242C91D600928810 /* ScrollViewViewController.swift */; };
		048D4871242C976E00928810 /* CoreMotionViewController.swift in Sources */ = {isa = PBXBuildFile; fileRef = 048D4870242C976E00928810 /* CoreMotionViewController.swift */; };
		048D4873242CA5D500928810 /* GestureViewController.swift in Sources */ = {isa = PBXBuildFile; fileRef = 048D4872242CA5D500928810 /* GestureViewController.swift */; };
		048D4875242CB9B800928810 /* DatePickerViewController.swift in Sources */ = {isa = PBXBuildFile; fileRef = 048D4874242CB9B800928810 /* DatePickerViewController.swift */; };
		048D4877242D986600928810 /* ToolbarViewController.swift in Sources */ = {isa = PBXBuildFile; fileRef = 048D4876242D986600928810 /* ToolbarViewController.swift */; };
		048D4879242DA07300928810 /* TableViewController.swift in Sources */ = {isa = PBXBuildFile; fileRef = 048D4878242DA07300928810 /* TableViewController.swift */; };
		048D487B242DD11B00928810 /* SearchBarViewController.swift in Sources */ = {isa = PBXBuildFile; fileRef = 048D487A242DD11B00928810 /* SearchBarViewController.swift */; };
		048D487D242DD50700928810 /* CollectionViewController.swift in Sources */ = {isa = PBXBuildFile; fileRef = 048D487C242DD50700928810 /* CollectionViewController.swift */; };
		048D487F242DDA5A00928810 /* PageControlViewController.swift in Sources */ = {isa = PBXBuildFile; fileRef = 048D487E242DDA5A00928810 /* PageControlViewController.swift */; };
		048D4881242DDCED00928810 /* ColorViewController.swift in Sources */ = {isa = PBXBuildFile; fileRef = 048D4880242DDCED00928810 /* ColorViewController.swift */; };
		048D4883242DE39D00928810 /* ActivityViewController.swift in Sources */ = {isa = PBXBuildFile; fileRef = 048D4882242DE39D00928810 /* ActivityViewController.swift */; };
		048D4885242DEC1100928810 /* EventKitViewController.swift in Sources */ = {isa = PBXBuildFile; fileRef = 048D4884242DEC1100928810 /* EventKitViewController.swift */; };
		048D4887242DFC8000928810 /* JsonViewController.swift in Sources */ = {isa = PBXBuildFile; fileRef = 048D4886242DFC8000928810 /* JsonViewController.swift */; };
		048D4889242E08BE00928810 /* AlertViewController.swift in Sources */ = {isa = PBXBuildFile; fileRef = 048D4888242E08BE00928810 /* AlertViewController.swift */; };
		048D488D24319C0400928810 /* CalculationViewController.swift in Sources */ = {isa = PBXBuildFile; fileRef = 048D488C24319C0400928810 /* CalculationViewController.swift */; };
		048D488F24319D6E00928810 /* AnimationViewController.swift in Sources */ = {isa = PBXBuildFile; fileRef = 048D488E24319D6E00928810 /* AnimationViewController.swift */; };
		048D48912431C37400928810 /* UserDefaultViewController.swift in Sources */ = {isa = PBXBuildFile; fileRef = 048D48902431C37400928810 /* UserDefaultViewController.swift */; };
		048D48932431DCDB00928810 /* TimerViewController.swift in Sources */ = {isa = PBXBuildFile; fileRef = 048D48922431DCDB00928810 /* TimerViewController.swift */; };
		048D48952431DEFF00928810 /* IndicatorViewController.swift in Sources */ = {isa = PBXBuildFile; fileRef = 048D48942431DEFF00928810 /* IndicatorViewController.swift */; };
		048D489724346BB800928810 /* ArrayViewController.swift in Sources */ = {isa = PBXBuildFile; fileRef = 048D489624346BB800928810 /* ArrayViewController.swift */; };
		048D489924346FC400928810 /* SpriteKit ViewController.swift in Sources */ = {isa = PBXBuildFile; fileRef = 048D489824346FC400928810 /* SpriteKit ViewController.swift */; };
		048D489B2434762900928810 /* ThreadViewController.swift in Sources */ = {isa = PBXBuildFile; fileRef = 048D489A2434762900928810 /* ThreadViewController.swift */; };
		048D489D24347E1600928810 /* DeviceViewController.swift in Sources */ = {isa = PBXBuildFile; fileRef = 048D489C24347E1600928810 /* DeviceViewController.swift */; };
		048D489F2434830300928810 /* SocketViewController.swift in Sources */ = {isa = PBXBuildFile; fileRef = 048D489E2434830300928810 /* SocketViewController.swift */; };
		048D48A12434885500928810 /* AssetsLibraryViewController.swift in Sources */ = {isa = PBXBuildFile; fileRef = 048D48A02434885500928810 /* AssetsLibraryViewController.swift */; };
		048D48A3243490F400928810 /* CoreDataViewController.swift in Sources */ = {isa = PBXBuildFile; fileRef = 048D48A2243490F400928810 /* CoreDataViewController.swift */; };
		048D48A5243491E200928810 /* iCloudViewController.swift in Sources */ = {isa = PBXBuildFile; fileRef = 048D48A4243491E200928810 /* iCloudViewController.swift */; };
		048D48A7243493E400928810 /* ImagePickerViewController.swift in Sources */ = {isa = PBXBuildFile; fileRef = 048D48A6243493E400928810 /* ImagePickerViewController.swift */; };
		048D48A92434961300928810 /* AudioToolboxViewController.swift in Sources */ = {isa = PBXBuildFile; fileRef = 048D48A82434961300928810 /* AudioToolboxViewController.swift */; };
		048D48AB2434971A00928810 /* AudioViewController.swift in Sources */ = {isa = PBXBuildFile; fileRef = 048D48AA2434971A00928810 /* AudioViewController.swift */; };
		048D48AD2434978C00928810 /* MediaViewController.swift in Sources */ = {isa = PBXBuildFile; fileRef = 048D48AC2434978C00928810 /* MediaViewController.swift */; };
		048D48AF2434A13400928810 /* CoreLocationViewController.swift in Sources */ = {isa = PBXBuildFile; fileRef = 048D48AE2434A13400928810 /* CoreLocationViewController.swift */; };
		048D48B12435887A00928810 /* MessageViewController.swift in Sources */ = {isa = PBXBuildFile; fileRef = 048D48B02435887A00928810 /* MessageViewController.swift */; };
		048D48B324358F5300928810 /* MailViewController.swift in Sources */ = {isa = PBXBuildFile; fileRef = 048D48B224358F5300928810 /* MailViewController.swift */; };
		048D48B52435B57100928810 /* LocalizationViewController.swift in Sources */ = {isa = PBXBuildFile; fileRef = 048D48B42435B57100928810 /* LocalizationViewController.swift */; };
		048D48B72435C3BF00928810 /* RegexViewController.swift in Sources */ = {isa = PBXBuildFile; fileRef = 048D48B62435C3BF00928810 /* RegexViewController.swift */; };
		048D48B92435CE0200928810 /* SingletonViewController.swift in Sources */ = {isa = PBXBuildFile; fileRef = 048D48B82435CE0200928810 /* SingletonViewController.swift */; };
		048D48BB2435DE8300928810 /* ClosureViewController.swift in Sources */ = {isa = PBXBuildFile; fileRef = 048D48BA2435DE8300928810 /* ClosureViewController.swift */; };
		048D48BD2435E3C700928810 /* CryptoViewController.swift in Sources */ = {isa = PBXBuildFile; fileRef = 048D48BC2435E3C700928810 /* CryptoViewController.swift */; };
		048D48BF2435E80A00928810 /* WebViewController.swift in Sources */ = {isa = PBXBuildFile; fileRef = 048D48BE2435E80A00928810 /* WebViewController.swift */; };
		048D48C12435F35200928810 /* LibTableViewController.swift in Sources */ = {isa = PBXBuildFile; fileRef = 048D48C02435F35200928810 /* LibTableViewController.swift */; };
		048D48C42435F3DC00928810 /* RealmViewController.swift in Sources */ = {isa = PBXBuildFile; fileRef = 048D48C32435F3DC00928810 /* RealmViewController.swift */; };
		048D48C62436CFE100928810 /* AirPrintViewController.swift in Sources */ = {isa = PBXBuildFile; fileRef = 048D48C52436CFE100928810 /* AirPrintViewController.swift */; };
		048D48C82436D42A00928810 /* BezierPathViewController.swift in Sources */ = {isa = PBXBuildFile; fileRef = 048D48C72436D42A00928810 /* BezierPathViewController.swift */; };
		048D48CA2436E15500928810 /* NavigationViewController.swift in Sources */ = {isa = PBXBuildFile; fileRef = 048D48C92436E15500928810 /* NavigationViewController.swift */; };
		048D48CC2436E4A600928810 /* AlamofireViewController.swift in Sources */ = {isa = PBXBuildFile; fileRef = 048D48CB2436E4A600928810 /* AlamofireViewController.swift */; };
		048D48CE2436E77800928810 /* ReflectionViewController.swift in Sources */ = {isa = PBXBuildFile; fileRef = 048D48CD2436E77800928810 /* ReflectionViewController.swift */; };
		048D48D02437109500928810 /* JSONViewController.swift in Sources */ = {isa = PBXBuildFile; fileRef = 048D48CF2437109500928810 /* JSONViewController.swift */; };
		048D48D22437148D00928810 /* LINQViewController.swift in Sources */ = {isa = PBXBuildFile; fileRef = 048D48D12437148D00928810 /* LINQViewController.swift */; };
		048D48D42437156400928810 /* ZipArchiveViewController.swift in Sources */ = {isa = PBXBuildFile; fileRef = 048D48D32437156400928810 /* ZipArchiveViewController.swift */; };
		048D48D62437246600928810 /* URLSchemesViewController.swift in Sources */ = {isa = PBXBuildFile; fileRef = 048D48D52437246600928810 /* URLSchemesViewController.swift */; };
		048D48D8243725EF00928810 /* GIFViewController.swift in Sources */ = {isa = PBXBuildFile; fileRef = 048D48D7243725EF00928810 /* GIFViewController.swift */; };
		048D48DA2437280300928810 /* ImageHelperViewController.swift in Sources */ = {isa = PBXBuildFile; fileRef = 048D48D92437280300928810 /* ImageHelperViewController.swift */; };
		048D48DC243731D800928810 /* PasteboardViewController.swift in Sources */ = {isa = PBXBuildFile; fileRef = 048D48DB243731D800928810 /* PasteboardViewController.swift */; };
		048D48DE2437367A00928810 /* AsViewController.swift in Sources */ = {isa = PBXBuildFile; fileRef = 048D48DD2437367A00928810 /* AsViewController.swift */; };
		048D48E0243739FE00928810 /* SnapKitViewController.swift in Sources */ = {isa = PBXBuildFile; fileRef = 048D48DF243739FE00928810 /* SnapKitViewController.swift */; };
		048D48E224373F7700928810 /* PhotoViewController.swift in Sources */ = {isa = PBXBuildFile; fileRef = 048D48E124373F7700928810 /* PhotoViewController.swift */; };
		04B174A3244462F6001E994F /* IjkplayerViewController.swift in Sources */ = {isa = PBXBuildFile; fileRef = 04B174A2244462F6001E994F /* IjkplayerViewController.swift */; };
		04B174A52444698F001E994F /* SwiftSocketViewController.swift in Sources */ = {isa = PBXBuildFile; fileRef = 04B174A42444698F001E994F /* SwiftSocketViewController.swift */; };
		04D62C2B2428C93800C9B7B8 /* AppDelegate.swift in Sources */ = {isa = PBXBuildFile; fileRef = 04D62C2A2428C93800C9B7B8 /* AppDelegate.swift */; };
		04D62C2D2428C93800C9B7B8 /* SceneDelegate.swift in Sources */ = {isa = PBXBuildFile; fileRef = 04D62C2C2428C93800C9B7B8 /* SceneDelegate.swift */; };
		04D62C2F2428C93800C9B7B8 /* FirstViewController.swift in Sources */ = {isa = PBXBuildFile; fileRef = 04D62C2E2428C93800C9B7B8 /* FirstViewController.swift */; };
		04D62C312428C93800C9B7B8 /* SecondViewController.swift in Sources */ = {isa = PBXBuildFile; fileRef = 04D62C302428C93800C9B7B8 /* SecondViewController.swift */; };
		04D62C342428C93800C9B7B8 /* Main.storyboard in Resources */ = {isa = PBXBuildFile; fileRef = 04D62C322428C93800C9B7B8 /* Main.storyboard */; };
		04D62C362428C93A00C9B7B8 /* Assets.xcassets in Resources */ = {isa = PBXBuildFile; fileRef = 04D62C352428C93A00C9B7B8 /* Assets.xcassets */; };
		04D62C392428C93A00C9B7B8 /* LaunchScreen.storyboard in Resources */ = {isa = PBXBuildFile; fileRef = 04D62C372428C93A00C9B7B8 /* LaunchScreen.storyboard */; };
		04D62C442428C93A00C9B7B8 /* SwiftTryTests.swift in Sources */ = {isa = PBXBuildFile; fileRef = 04D62C432428C93A00C9B7B8 /* SwiftTryTests.swift */; };
		04D62C4F2428C93A00C9B7B8 /* SwiftTryUITests.swift in Sources */ = {isa = PBXBuildFile; fileRef = 04D62C4E2428C93A00C9B7B8 /* SwiftTryUITests.swift */; };
		04D62C5D2428CAAA00C9B7B8 /* BasicTableViewController.swift in Sources */ = {isa = PBXBuildFile; fileRef = 04D62C5C2428CAAA00C9B7B8 /* BasicTableViewController.swift */; };
		04D62C642429C9DC00C9B7B8 /* ButtonViewController.swift in Sources */ = {isa = PBXBuildFile; fileRef = 04D62C632429C9DC00C9B7B8 /* ButtonViewController.swift */; };
		04D62C662429DB2C00C9B7B8 /* UtilTableViewController.swift in Sources */ = {isa = PBXBuildFile; fileRef = 04D62C652429DB2C00C9B7B8 /* UtilTableViewController.swift */; };
		04D62C692429DBD800C9B7B8 /* StringViewController.swift in Sources */ = {isa = PBXBuildFile; fileRef = 04D62C682429DBD800C9B7B8 /* StringViewController.swift */; };
		04D62C6B2429DE0C00C9B7B8 /* RandomViewController.swift in Sources */ = {isa = PBXBuildFile; fileRef = 04D62C6A2429DE0C00C9B7B8 /* RandomViewController.swift */; };
		04FCF0C0242A19D00068BC27 /* RangeViewController.swift in Sources */ = {isa = PBXBuildFile; fileRef = 04FCF0BF242A19D00068BC27 /* RangeViewController.swift */; };
/* End PBXBuildFile section */

/* Begin PBXContainerItemProxy section */
		04D62C402428C93A00C9B7B8 /* PBXContainerItemProxy */ = {
			isa = PBXContainerItemProxy;
			containerPortal = 04D62C1F2428C93800C9B7B8 /* Project object */;
			proxyType = 1;
			remoteGlobalIDString = 04D62C262428C93800C9B7B8;
			remoteInfo = SwiftTry;
		};
		04D62C4B2428C93A00C9B7B8 /* PBXContainerItemProxy */ = {
			isa = PBXContainerItemProxy;
			containerPortal = 04D62C1F2428C93800C9B7B8 /* Project object */;
			proxyType = 1;
			remoteGlobalIDString = 04D62C262428C93800C9B7B8;
			remoteInfo = SwiftTry;
		};
/* End PBXContainerItemProxy section */

/* Begin PBXFileReference section */
		042B2CBC244595960026136F /* XCGLoggerViewController.swift */ = {isa = PBXFileReference; lastKnownFileType = sourcecode.swift; path = XCGLoggerViewController.swift; sourceTree = "<group>"; };
		042B2CBE2445A1050026136F /* CVCalendarViewController.swift */ = {isa = PBXFileReference; lastKnownFileType = sourcecode.swift; path = CVCalendarViewController.swift; sourceTree = "<group>"; };
		042B2CC02445B2510026136F /* CoreSpotlightViewController.swift */ = {isa = PBXFileReference; lastKnownFileType = sourcecode.swift; path = CoreSpotlightViewController.swift; sourceTree = "<group>"; };
		042B2CC22445B7300026136F /* GCDWebServerViewController.swift */ = {isa = PBXFileReference; lastKnownFileType = sourcecode.swift; path = GCDWebServerViewController.swift; sourceTree = "<group>"; };
		042B2CC42446AEE40026136F /* ObjectMapperViewController.swift */ = {isa = PBXFileReference; lastKnownFileType = sourcecode.swift; path = ObjectMapperViewController.swift; sourceTree = "<group>"; };
		042B2CC62446D8D40026136F /* BTNavigationDropdownMenuViewController.swift */ = {isa = PBXFileReference; lastKnownFileType = sourcecode.swift; path = BTNavigationDropdownMenuViewController.swift; sourceTree = "<group>"; };
		042B2CC82446D9780026136F /* PagingMenuControllerViewController.swift */ = {isa = PBXFileReference; lastKnownFileType = sourcecode.swift; path = PagingMenuControllerViewController.swift; sourceTree = "<group>"; };
		042B2CCA2446DD060026136F /* SCLAlertViewViewController.swift */ = {isa = PBXFileReference; lastKnownFileType = sourcecode.swift; path = SCLAlertViewViewController.swift; sourceTree = "<group>"; };
		042B2CCC2446E05C0026136F /* StackViewViewController.swift */ = {isa = PBXFileReference; lastKnownFileType = sourcecode.swift; path = StackViewViewController.swift; sourceTree = "<group>"; };
		042B2CCE2446E29A0026136F /* LayerViewController.swift */ = {isa = PBXFileReference; lastKnownFileType = sourcecode.swift; path = LayerViewController.swift; sourceTree = "<group>"; };
		042B2CD02446E5B20026136F /* ARViewController.swift */ = {isa = PBXFileReference; lastKnownFileType = sourcecode.swift; path = ARViewController.swift; sourceTree = "<group>"; };
		042B2CD22446ECF60026136F /* WhereViewController.swift */ = {isa = PBXFileReference; lastKnownFileType = sourcecode.swift; path = WhereViewController.swift; sourceTree = "<group>"; };
		042B2CD42446F5200026136F /* NotificationsViewController.swift */ = {isa = PBXFileReference; lastKnownFileType = sourcecode.swift; path = NotificationsViewController.swift; sourceTree = "<group>"; };
		042B2CD62446F7C50026136F /* CryptoSwiftViewController.swift */ = {isa = PBXFileReference; lastKnownFileType = sourcecode.swift; path = CryptoSwiftViewController.swift; sourceTree = "<group>"; };
		042B2CD82446FAA40026136F /* SetViewController.swift */ = {isa = PBXFileReference; lastKnownFileType = sourcecode.swift; path = SetViewController.swift; sourceTree = "<group>"; };
		042B2CDA2446FC050026136F /* SwipeCellKitViewController.swift */ = {isa = PBXFileReference; lastKnownFileType = sourcecode.swift; path = SwipeCellKitViewController.swift; sourceTree = "<group>"; };
		042B2CDC244704000026136F /* RxSwiftViewController.swift */ = {isa = PBXFileReference; lastKnownFileType = sourcecode.swift; path = RxSwiftViewController.swift; sourceTree = "<group>"; };
		042B2CDE24470DAC0026136F /* MBProgressHUDViewController.swift */ = {isa = PBXFileReference; lastKnownFileType = sourcecode.swift; path = MBProgressHUDViewController.swift; sourceTree = "<group>"; };
		042B2CE02447F6CE0026136F /* ChartsViewController.swift */ = {isa = PBXFileReference; lastKnownFileType = sourcecode.swift; path = ChartsViewController.swift; sourceTree = "<group>"; };
		042B2CE224482AE30026136F /* SwiftDateViewController.swift */ = {isa = PBXFileReference; lastKnownFileType = sourcecode.swift; path = SwiftDateViewController.swift; sourceTree = "<group>"; };
		042B2CE424482BF10026136F /* PromiseKitViewController.swift */ = {isa = PBXFileReference; lastKnownFileType = sourcecode.swift; path = PromiseKitViewController.swift; sourceTree = "<group>"; };
		042B2CE6244832190026136F /* AAInfographicsViewController.swift */ = {isa = PBXFileReference; lastKnownFileType = sourcecode.swift; path = AAInfographicsViewController.swift; sourceTree = "<group>"; };
		042B2CE82448356A0026136F /* SideMenuViewController.swift */ = {isa = PBXFileReference; lastKnownFileType = sourcecode.swift; path = SideMenuViewController.swift; sourceTree = "<group>"; };
		0446D716245280090010F426 /* DictionaryViewController.swift */ = {isa = PBXFileReference; lastKnownFileType = sourcecode.swift; path = DictionaryViewController.swift; sourceTree = "<group>"; };
		048D4858242AF75C00928810 /* FileViewController.swift */ = {isa = PBXFileReference; lastKnownFileType = sourcecode.swift; path = FileViewController.swift; sourceTree = "<group>"; };
		048D485A242C4E5D00928810 /* LabelViewController.swift */ = {isa = PBXFileReference; lastKnownFileType = sourcecode.swift; path = LabelViewController.swift; sourceTree = "<group>"; };
		048D485C242C542D00928810 /* TextFieldViewController.swift */ = {isa = PBXFileReference; lastKnownFileType = sourcecode.swift; path = TextFieldViewController.swift; sourceTree = "<group>"; };
		048D485E242C58AF00928810 /* TextViewViewController.swift */ = {isa = PBXFileReference; lastKnownFileType = sourcecode.swift; path = TextViewViewController.swift; sourceTree = "<group>"; };
		048D4860242C5FA100928810 /* SwitchViewController.swift */ = {isa = PBXFileReference; lastKnownFileType = sourcecode.swift; path = SwitchViewController.swift; sourceTree = "<group>"; };
		048D4862242C660500928810 /* SegmentViewController.swift */ = {isa = PBXFileReference; lastKnownFileType = sourcecode.swift; path = SegmentViewController.swift; sourceTree = "<group>"; };
		048D4864242C7E1F00928810 /* ImageViewController.swift */ = {isa = PBXFileReference; lastKnownFileType = sourcecode.swift; path = ImageViewController.swift; sourceTree = "<group>"; };
		048D4866242C82D700928810 /* ProgressViewController.swift */ = {isa = PBXFileReference; lastKnownFileType = sourcecode.swift; path = ProgressViewController.swift; sourceTree = "<group>"; };
		048D4868242C84FE00928810 /* SliderViewController.swift */ = {isa = PBXFileReference; lastKnownFileType = sourcecode.swift; path = SliderViewController.swift; sourceTree = "<group>"; };
		048D486A242C88FE00928810 /* PickerViewController.swift */ = {isa = PBXFileReference; lastKnownFileType = sourcecode.swift; path = PickerViewController.swift; sourceTree = "<group>"; };
		048D486C242C8EF500928810 /* StepperViewController.swift */ = {isa = PBXFileReference; lastKnownFileType = sourcecode.swift; path = StepperViewController.swift; sourceTree = "<group>"; };
		048D486E242C91D600928810 /* ScrollViewViewController.swift */ = {isa = PBXFileReference; lastKnownFileType = sourcecode.swift; path = ScrollViewViewController.swift; sourceTree = "<group>"; };
		048D4870242C976E00928810 /* CoreMotionViewController.swift */ = {isa = PBXFileReference; lastKnownFileType = sourcecode.swift; path = CoreMotionViewController.swift; sourceTree = "<group>"; };
		048D4872242CA5D500928810 /* GestureViewController.swift */ = {isa = PBXFileReference; lastKnownFileType = sourcecode.swift; path = GestureViewController.swift; sourceTree = "<group>"; };
		048D4874242CB9B800928810 /* DatePickerViewController.swift */ = {isa = PBXFileReference; lastKnownFileType = sourcecode.swift; path = DatePickerViewController.swift; sourceTree = "<group>"; };
		048D4876242D986600928810 /* ToolbarViewController.swift */ = {isa = PBXFileReference; lastKnownFileType = sourcecode.swift; path = ToolbarViewController.swift; sourceTree = "<group>"; };
		048D4878242DA07300928810 /* TableViewController.swift */ = {isa = PBXFileReference; lastKnownFileType = sourcecode.swift; path = TableViewController.swift; sourceTree = "<group>"; };
		048D487A242DD11B00928810 /* SearchBarViewController.swift */ = {isa = PBXFileReference; lastKnownFileType = sourcecode.swift; path = SearchBarViewController.swift; sourceTree = "<group>"; };
		048D487C242DD50700928810 /* CollectionViewController.swift */ = {isa = PBXFileReference; lastKnownFileType = sourcecode.swift; path = CollectionViewController.swift; sourceTree = "<group>"; };
		048D487E242DDA5A00928810 /* PageControlViewController.swift */ = {isa = PBXFileReference; lastKnownFileType = sourcecode.swift; path = PageControlViewController.swift; sourceTree = "<group>"; };
		048D4880242DDCED00928810 /* ColorViewController.swift */ = {isa = PBXFileReference; lastKnownFileType = sourcecode.swift; path = ColorViewController.swift; sourceTree = "<group>"; };
		048D4882242DE39D00928810 /* ActivityViewController.swift */ = {isa = PBXFileReference; lastKnownFileType = sourcecode.swift; path = ActivityViewController.swift; sourceTree = "<group>"; };
		048D4884242DEC1100928810 /* EventKitViewController.swift */ = {isa = PBXFileReference; lastKnownFileType = sourcecode.swift; path = EventKitViewController.swift; sourceTree = "<group>"; };
		048D4886242DFC8000928810 /* JsonViewController.swift */ = {isa = PBXFileReference; lastKnownFileType = sourcecode.swift; path = JsonViewController.swift; sourceTree = "<group>"; };
		048D4888242E08BE00928810 /* AlertViewController.swift */ = {isa = PBXFileReference; lastKnownFileType = sourcecode.swift; path = AlertViewController.swift; sourceTree = "<group>"; };
		048D488C24319C0400928810 /* CalculationViewController.swift */ = {isa = PBXFileReference; lastKnownFileType = sourcecode.swift; path = CalculationViewController.swift; sourceTree = "<group>"; };
		048D488E24319D6E00928810 /* AnimationViewController.swift */ = {isa = PBXFileReference; lastKnownFileType = sourcecode.swift; path = AnimationViewController.swift; sourceTree = "<group>"; };
		048D48902431C37400928810 /* UserDefaultViewController.swift */ = {isa = PBXFileReference; lastKnownFileType = sourcecode.swift; path = UserDefaultViewController.swift; sourceTree = "<group>"; };
		048D48922431DCDB00928810 /* TimerViewController.swift */ = {isa = PBXFileReference; lastKnownFileType = sourcecode.swift; path = TimerViewController.swift; sourceTree = "<group>"; };
		048D48942431DEFF00928810 /* IndicatorViewController.swift */ = {isa = PBXFileReference; lastKnownFileType = sourcecode.swift; path = IndicatorViewController.swift; sourceTree = "<group>"; };
		048D489624346BB800928810 /* ArrayViewController.swift */ = {isa = PBXFileReference; lastKnownFileType = sourcecode.swift; path = ArrayViewController.swift; sourceTree = "<group>"; };
		048D489824346FC400928810 /* SpriteKit ViewController.swift */ = {isa = PBXFileReference; lastKnownFileType = sourcecode.swift; path = "SpriteKit ViewController.swift"; sourceTree = "<group>"; };
		048D489A2434762900928810 /* ThreadViewController.swift */ = {isa = PBXFileReference; lastKnownFileType = sourcecode.swift; path = ThreadViewController.swift; sourceTree = "<group>"; };
		048D489C24347E1600928810 /* DeviceViewController.swift */ = {isa = PBXFileReference; lastKnownFileType = sourcecode.swift; path = DeviceViewController.swift; sourceTree = "<group>"; };
		048D489E2434830300928810 /* SocketViewController.swift */ = {isa = PBXFileReference; lastKnownFileType = sourcecode.swift; path = SocketViewController.swift; sourceTree = "<group>"; };
		048D48A02434885500928810 /* AssetsLibraryViewController.swift */ = {isa = PBXFileReference; lastKnownFileType = sourcecode.swift; path = AssetsLibraryViewController.swift; sourceTree = "<group>"; };
		048D48A2243490F400928810 /* CoreDataViewController.swift */ = {isa = PBXFileReference; lastKnownFileType = sourcecode.swift; path = CoreDataViewController.swift; sourceTree = "<group>"; };
		048D48A4243491E200928810 /* iCloudViewController.swift */ = {isa = PBXFileReference; lastKnownFileType = sourcecode.swift; path = iCloudViewController.swift; sourceTree = "<group>"; };
		048D48A6243493E400928810 /* ImagePickerViewController.swift */ = {isa = PBXFileReference; lastKnownFileType = sourcecode.swift; path = ImagePickerViewController.swift; sourceTree = "<group>"; };
		048D48A82434961300928810 /* AudioToolboxViewController.swift */ = {isa = PBXFileReference; lastKnownFileType = sourcecode.swift; path = AudioToolboxViewController.swift; sourceTree = "<group>"; };
		048D48AA2434971A00928810 /* AudioViewController.swift */ = {isa = PBXFileReference; lastKnownFileType = sourcecode.swift; path = AudioViewController.swift; sourceTree = "<group>"; };
		048D48AC2434978C00928810 /* MediaViewController.swift */ = {isa = PBXFileReference; lastKnownFileType = sourcecode.swift; path = MediaViewController.swift; sourceTree = "<group>"; };
		048D48AE2434A13400928810 /* CoreLocationViewController.swift */ = {isa = PBXFileReference; lastKnownFileType = sourcecode.swift; path = CoreLocationViewController.swift; sourceTree = "<group>"; };
		048D48B02435887A00928810 /* MessageViewController.swift */ = {isa = PBXFileReference; lastKnownFileType = sourcecode.swift; path = MessageViewController.swift; sourceTree = "<group>"; };
		048D48B224358F5300928810 /* MailViewController.swift */ = {isa = PBXFileReference; lastKnownFileType = sourcecode.swift; path = MailViewController.swift; sourceTree = "<group>"; };
		048D48B42435B57100928810 /* LocalizationViewController.swift */ = {isa = PBXFileReference; lastKnownFileType = sourcecode.swift; path = LocalizationViewController.swift; sourceTree = "<group>"; };
		048D48B62435C3BF00928810 /* RegexViewController.swift */ = {isa = PBXFileReference; lastKnownFileType = sourcecode.swift; path = RegexViewController.swift; sourceTree = "<group>"; };
		048D48B82435CE0200928810 /* SingletonViewController.swift */ = {isa = PBXFileReference; lastKnownFileType = sourcecode.swift; path = SingletonViewController.swift; sourceTree = "<group>"; };
		048D48BA2435DE8300928810 /* ClosureViewController.swift */ = {isa = PBXFileReference; lastKnownFileType = sourcecode.swift; path = ClosureViewController.swift; sourceTree = "<group>"; };
		048D48BC2435E3C700928810 /* CryptoViewController.swift */ = {isa = PBXFileReference; lastKnownFileType = sourcecode.swift; path = CryptoViewController.swift; sourceTree = "<group>"; };
		048D48BE2435E80A00928810 /* WebViewController.swift */ = {isa = PBXFileReference; lastKnownFileType = sourcecode.swift; path = WebViewController.swift; sourceTree = "<group>"; };
		048D48C02435F35200928810 /* LibTableViewController.swift */ = {isa = PBXFileReference; lastKnownFileType = sourcecode.swift; path = LibTableViewController.swift; sourceTree = "<group>"; };
		048D48C32435F3DC00928810 /* RealmViewController.swift */ = {isa = PBXFileReference; lastKnownFileType = sourcecode.swift; path = RealmViewController.swift; sourceTree = "<group>"; };
		048D48C52436CFE100928810 /* AirPrintViewController.swift */ = {isa = PBXFileReference; lastKnownFileType = sourcecode.swift; path = AirPrintViewController.swift; sourceTree = "<group>"; };
		048D48C72436D42A00928810 /* BezierPathViewController.swift */ = {isa = PBXFileReference; lastKnownFileType = sourcecode.swift; path = BezierPathViewController.swift; sourceTree = "<group>"; };
		048D48C92436E15500928810 /* NavigationViewController.swift */ = {isa = PBXFileReference; lastKnownFileType = sourcecode.swift; path = NavigationViewController.swift; sourceTree = "<group>"; };
		048D48CB2436E4A600928810 /* AlamofireViewController.swift */ = {isa = PBXFileReference; lastKnownFileType = sourcecode.swift; path = AlamofireViewController.swift; sourceTree = "<group>"; };
		048D48CD2436E77800928810 /* ReflectionViewController.swift */ = {isa = PBXFileReference; lastKnownFileType = sourcecode.swift; path = ReflectionViewController.swift; sourceTree = "<group>"; };
		048D48CF2437109500928810 /* JSONViewController.swift */ = {isa = PBXFileReference; lastKnownFileType = sourcecode.swift; path = JSONViewController.swift; sourceTree = "<group>"; };
		048D48D12437148D00928810 /* LINQViewController.swift */ = {isa = PBXFileReference; lastKnownFileType = sourcecode.swift; path = LINQViewController.swift; sourceTree = "<group>"; };
		048D48D32437156400928810 /* ZipArchiveViewController.swift */ = {isa = PBXFileReference; lastKnownFileType = sourcecode.swift; path = ZipArchiveViewController.swift; sourceTree = "<group>"; };
		048D48D52437246600928810 /* URLSchemesViewController.swift */ = {isa = PBXFileReference; lastKnownFileType = sourcecode.swift; path = URLSchemesViewController.swift; sourceTree = "<group>"; };
		048D48D7243725EF00928810 /* GIFViewController.swift */ = {isa = PBXFileReference; lastKnownFileType = sourcecode.swift; path = GIFViewController.swift; sourceTree = "<group>"; };
		048D48D92437280300928810 /* ImageHelperViewController.swift */ = {isa = PBXFileReference; lastKnownFileType = sourcecode.swift; path = ImageHelperViewController.swift; sourceTree = "<group>"; };
		048D48DB243731D800928810 /* PasteboardViewController.swift */ = {isa = PBXFileReference; lastKnownFileType = sourcecode.swift; path = PasteboardViewController.swift; sourceTree = "<group>"; };
		048D48DD2437367A00928810 /* AsViewController.swift */ = {isa = PBXFileReference; lastKnownFileType = sourcecode.swift; path = AsViewController.swift; sourceTree = "<group>"; };
		048D48DF243739FE00928810 /* SnapKitViewController.swift */ = {isa = PBXFileReference; lastKnownFileType = sourcecode.swift; path = SnapKitViewController.swift; sourceTree = "<group>"; };
		048D48E124373F7700928810 /* PhotoViewController.swift */ = {isa = PBXFileReference; lastKnownFileType = sourcecode.swift; path = PhotoViewController.swift; sourceTree = "<group>"; };
		04B174A2244462F6001E994F /* IjkplayerViewController.swift */ = {isa = PBXFileReference; lastKnownFileType = sourcecode.swift; path = IjkplayerViewController.swift; sourceTree = "<group>"; };
		04B174A42444698F001E994F /* SwiftSocketViewController.swift */ = {isa = PBXFileReference; lastKnownFileType = sourcecode.swift; path = SwiftSocketViewController.swift; sourceTree = "<group>"; };
		04D62C272428C93800C9B7B8 /* SwiftTry.app */ = {isa = PBXFileReference; explicitFileType = wrapper.application; includeInIndex = 0; path = SwiftTry.app; sourceTree = BUILT_PRODUCTS_DIR; };
		04D62C2A2428C93800C9B7B8 /* AppDelegate.swift */ = {isa = PBXFileReference; lastKnownFileType = sourcecode.swift; path = AppDelegate.swift; sourceTree = "<group>"; };
		04D62C2C2428C93800C9B7B8 /* SceneDelegate.swift */ = {isa = PBXFileReference; lastKnownFileType = sourcecode.swift; path = SceneDelegate.swift; sourceTree = "<group>"; };
		04D62C2E2428C93800C9B7B8 /* FirstViewController.swift */ = {isa = PBXFileReference; lastKnownFileType = sourcecode.swift; path = FirstViewController.swift; sourceTree = "<group>"; };
		04D62C302428C93800C9B7B8 /* SecondViewController.swift */ = {isa = PBXFileReference; lastKnownFileType = sourcecode.swift; path = SecondViewController.swift; sourceTree = "<group>"; };
		04D62C332428C93800C9B7B8 /* Base */ = {isa = PBXFileReference; lastKnownFileType = file.storyboard; name = Base; path = Base.lproj/Main.storyboard; sourceTree = "<group>"; };
		04D62C352428C93A00C9B7B8 /* Assets.xcassets */ = {isa = PBXFileReference; lastKnownFileType = folder.assetcatalog; path = Assets.xcassets; sourceTree = "<group>"; };
		04D62C382428C93A00C9B7B8 /* Base */ = {isa = PBXFileReference; lastKnownFileType = file.storyboard; name = Base; path = Base.lproj/LaunchScreen.storyboard; sourceTree = "<group>"; };
		04D62C3A2428C93A00C9B7B8 /* Info.plist */ = {isa = PBXFileReference; lastKnownFileType = text.plist.xml; path = Info.plist; sourceTree = "<group>"; };
		04D62C3F2428C93A00C9B7B8 /* SwiftTryTests.xctest */ = {isa = PBXFileReference; explicitFileType = wrapper.cfbundle; includeInIndex = 0; path = SwiftTryTests.xctest; sourceTree = BUILT_PRODUCTS_DIR; };
		04D62C432428C93A00C9B7B8 /* SwiftTryTests.swift */ = {isa = PBXFileReference; lastKnownFileType = sourcecode.swift; path = SwiftTryTests.swift; sourceTree = "<group>"; };
		04D62C452428C93A00C9B7B8 /* Info.plist */ = {isa = PBXFileReference; lastKnownFileType = text.plist.xml; path = Info.plist; sourceTree = "<group>"; };
		04D62C4A2428C93A00C9B7B8 /* SwiftTryUITests.xctest */ = {isa = PBXFileReference; explicitFileType = wrapper.cfbundle; includeInIndex = 0; path = SwiftTryUITests.xctest; sourceTree = BUILT_PRODUCTS_DIR; };
		04D62C4E2428C93A00C9B7B8 /* SwiftTryUITests.swift */ = {isa = PBXFileReference; lastKnownFileType = sourcecode.swift; path = SwiftTryUITests.swift; sourceTree = "<group>"; };
		04D62C502428C93A00C9B7B8 /* Info.plist */ = {isa = PBXFileReference; lastKnownFileType = text.plist.xml; path = Info.plist; sourceTree = "<group>"; };
		04D62C5C2428CAAA00C9B7B8 /* BasicTableViewController.swift */ = {isa = PBXFileReference; lastKnownFileType = sourcecode.swift; path = BasicTableViewController.swift; sourceTree = "<group>"; };
		04D62C632429C9DC00C9B7B8 /* ButtonViewController.swift */ = {isa = PBXFileReference; lastKnownFileType = sourcecode.swift; path = ButtonViewController.swift; sourceTree = "<group>"; };
		04D62C652429DB2C00C9B7B8 /* UtilTableViewController.swift */ = {isa = PBXFileReference; lastKnownFileType = sourcecode.swift; path = UtilTableViewController.swift; sourceTree = "<group>"; };
		04D62C682429DBD800C9B7B8 /* StringViewController.swift */ = {isa = PBXFileReference; lastKnownFileType = sourcecode.swift; path = StringViewController.swift; sourceTree = "<group>"; };
		04D62C6A2429DE0C00C9B7B8 /* RandomViewController.swift */ = {isa = PBXFileReference; lastKnownFileType = sourcecode.swift; path = RandomViewController.swift; sourceTree = "<group>"; };
		04FCF0BF242A19D00068BC27 /* RangeViewController.swift */ = {isa = PBXFileReference; lastKnownFileType = sourcecode.swift; path = RangeViewController.swift; sourceTree = "<group>"; };
/* End PBXFileReference section */

/* Begin PBXFrameworksBuildPhase section */
		04D62C242428C93800C9B7B8 /* Frameworks */ = {
			isa = PBXFrameworksBuildPhase;
			buildActionMask = 2147483647;
			files = (
			);
			runOnlyForDeploymentPostprocessing = 0;
		};
		04D62C3C2428C93A00C9B7B8 /* Frameworks */ = {
			isa = PBXFrameworksBuildPhase;
			buildActionMask = 2147483647;
			files = (
			);
			runOnlyForDeploymentPostprocessing = 0;
		};
		04D62C472428C93A00C9B7B8 /* Frameworks */ = {
			isa = PBXFrameworksBuildPhase;
			buildActionMask = 2147483647;
			files = (
			);
			runOnlyForDeploymentPostprocessing = 0;
		};
/* End PBXFrameworksBuildPhase section */

/* Begin PBXGroup section */
		048D48C22435F3C300928810 /* Lib */ = {
			isa = PBXGroup;
			children = (
				048D48C32435F3DC00928810 /* RealmViewController.swift */,
				048D48CB2436E4A600928810 /* AlamofireViewController.swift */,
				048D48CF2437109500928810 /* JSONViewController.swift */,
				048D48D12437148D00928810 /* LINQViewController.swift */,
				048D48D32437156400928810 /* ZipArchiveViewController.swift */,
				048D48D7243725EF00928810 /* GIFViewController.swift */,
				048D48D92437280300928810 /* ImageHelperViewController.swift */,
				048D48DF243739FE00928810 /* SnapKitViewController.swift */,
				04B174A2244462F6001E994F /* IjkplayerViewController.swift */,
				04B174A42444698F001E994F /* SwiftSocketViewController.swift */,
				042B2CBC244595960026136F /* XCGLoggerViewController.swift */,
				042B2CBE2445A1050026136F /* CVCalendarViewController.swift */,
				042B2CC22445B7300026136F /* GCDWebServerViewController.swift */,
				042B2CC42446AEE40026136F /* ObjectMapperViewController.swift */,
				042B2CC62446D8D40026136F /* BTNavigationDropdownMenuViewController.swift */,
				042B2CC82446D9780026136F /* PagingMenuControllerViewController.swift */,
				042B2CCA2446DD060026136F /* SCLAlertViewViewController.swift */,
				042B2CD62446F7C50026136F /* CryptoSwiftViewController.swift */,
				042B2CDA2446FC050026136F /* SwipeCellKitViewController.swift */,
				042B2CDC244704000026136F /* RxSwiftViewController.swift */,
				042B2CDE24470DAC0026136F /* MBProgressHUDViewController.swift */,
				042B2CE02447F6CE0026136F /* ChartsViewController.swift */,
				042B2CE224482AE30026136F /* SwiftDateViewController.swift */,
				042B2CE424482BF10026136F /* PromiseKitViewController.swift */,
				042B2CE6244832190026136F /* AAInfographicsViewController.swift */,
				042B2CE82448356A0026136F /* SideMenuViewController.swift */,
			);
			path = Lib;
			sourceTree = "<group>";
		};
		04D62C1E2428C93800C9B7B8 = {
			isa = PBXGroup;
			children = (
				04D62C292428C93800C9B7B8 /* SwiftTry */,
				04D62C422428C93A00C9B7B8 /* SwiftTryTests */,
				04D62C4D2428C93A00C9B7B8 /* SwiftTryUITests */,
				04D62C282428C93800C9B7B8 /* Products */,
			);
			sourceTree = "<group>";
		};
		04D62C282428C93800C9B7B8 /* Products */ = {
			isa = PBXGroup;
			children = (
				04D62C272428C93800C9B7B8 /* SwiftTry.app */,
				04D62C3F2428C93A00C9B7B8 /* SwiftTryTests.xctest */,
				04D62C4A2428C93A00C9B7B8 /* SwiftTryUITests.xctest */,
			);
			name = Products;
			sourceTree = "<group>";
		};
		04D62C292428C93800C9B7B8 /* SwiftTry */ = {
			isa = PBXGroup;
			children = (
				048D48C22435F3C300928810 /* Lib */,
				04D62C672429DBBA00C9B7B8 /* Util */,
				04D62C622429C9B600C9B7B8 /* Basic */,
				04D62C2A2428C93800C9B7B8 /* AppDelegate.swift */,
				04D62C2C2428C93800C9B7B8 /* SceneDelegate.swift */,
				04D62C5C2428CAAA00C9B7B8 /* BasicTableViewController.swift */,
				04D62C652429DB2C00C9B7B8 /* UtilTableViewController.swift */,
				048D48C02435F35200928810 /* LibTableViewController.swift */,
				04D62C2E2428C93800C9B7B8 /* FirstViewController.swift */,
				04D62C302428C93800C9B7B8 /* SecondViewController.swift */,
				04D62C322428C93800C9B7B8 /* Main.storyboard */,
				04D62C352428C93A00C9B7B8 /* Assets.xcassets */,
				04D62C372428C93A00C9B7B8 /* LaunchScreen.storyboard */,
				04D62C3A2428C93A00C9B7B8 /* Info.plist */,
			);
			path = SwiftTry;
			sourceTree = "<group>";
		};
		04D62C422428C93A00C9B7B8 /* SwiftTryTests */ = {
			isa = PBXGroup;
			children = (
				04D62C432428C93A00C9B7B8 /* SwiftTryTests.swift */,
				04D62C452428C93A00C9B7B8 /* Info.plist */,
			);
			path = SwiftTryTests;
			sourceTree = "<group>";
		};
		04D62C4D2428C93A00C9B7B8 /* SwiftTryUITests */ = {
			isa = PBXGroup;
			children = (
				04D62C4E2428C93A00C9B7B8 /* SwiftTryUITests.swift */,
				04D62C502428C93A00C9B7B8 /* Info.plist */,
			);
			path = SwiftTryUITests;
			sourceTree = "<group>";
		};
		04D62C622429C9B600C9B7B8 /* Basic */ = {
			isa = PBXGroup;
			children = (
				048D485A242C4E5D00928810 /* LabelViewController.swift */,
				04D62C632429C9DC00C9B7B8 /* ButtonViewController.swift */,
				048D485C242C542D00928810 /* TextFieldViewController.swift */,
				048D485E242C58AF00928810 /* TextViewViewController.swift */,
				048D4860242C5FA100928810 /* SwitchViewController.swift */,
				048D4862242C660500928810 /* SegmentViewController.swift */,
				048D4864242C7E1F00928810 /* ImageViewController.swift */,
				048D4866242C82D700928810 /* ProgressViewController.swift */,
				048D4868242C84FE00928810 /* SliderViewController.swift */,
				048D486A242C88FE00928810 /* PickerViewController.swift */,
				048D486C242C8EF500928810 /* StepperViewController.swift */,
				048D486E242C91D600928810 /* ScrollViewViewController.swift */,
				048D4870242C976E00928810 /* CoreMotionViewController.swift */,
				048D4872242CA5D500928810 /* GestureViewController.swift */,
				048D4874242CB9B800928810 /* DatePickerViewController.swift */,
				048D4876242D986600928810 /* ToolbarViewController.swift */,
				048D4878242DA07300928810 /* TableViewController.swift */,
				048D487A242DD11B00928810 /* SearchBarViewController.swift */,
				048D487C242DD50700928810 /* CollectionViewController.swift */,
				048D487E242DDA5A00928810 /* PageControlViewController.swift */,
				048D4880242DDCED00928810 /* ColorViewController.swift */,
				048D4882242DE39D00928810 /* ActivityViewController.swift */,
				048D4888242E08BE00928810 /* AlertViewController.swift */,
				048D48942431DEFF00928810 /* IndicatorViewController.swift */,
				048D48BE2435E80A00928810 /* WebViewController.swift */,
				048D48C92436E15500928810 /* NavigationViewController.swift */,
				042B2CCC2446E05C0026136F /* StackViewViewController.swift */,
			);
			path = Basic;
			sourceTree = "<group>";
		};
		04D62C672429DBBA00C9B7B8 /* Util */ = {
			isa = PBXGroup;
			children = (
				04D62C682429DBD800C9B7B8 /* StringViewController.swift */,
				04D62C6A2429DE0C00C9B7B8 /* RandomViewController.swift */,
				04FCF0BF242A19D00068BC27 /* RangeViewController.swift */,
				048D4858242AF75C00928810 /* FileViewController.swift */,
				048D4884242DEC1100928810 /* EventKitViewController.swift */,
				048D4886242DFC8000928810 /* JsonViewController.swift */,
				048D488C24319C0400928810 /* CalculationViewController.swift */,
				048D488E24319D6E00928810 /* AnimationViewController.swift */,
				048D48902431C37400928810 /* UserDefaultViewController.swift */,
				048D48922431DCDB00928810 /* TimerViewController.swift */,
				048D489624346BB800928810 /* ArrayViewController.swift */,
				048D489824346FC400928810 /* SpriteKit ViewController.swift */,
				048D489A2434762900928810 /* ThreadViewController.swift */,
				048D489C24347E1600928810 /* DeviceViewController.swift */,
				048D489E2434830300928810 /* SocketViewController.swift */,
				048D48A02434885500928810 /* AssetsLibraryViewController.swift */,
				048D48A2243490F400928810 /* CoreDataViewController.swift */,
				048D48A4243491E200928810 /* iCloudViewController.swift */,
				048D48A6243493E400928810 /* ImagePickerViewController.swift */,
				048D48A82434961300928810 /* AudioToolboxViewController.swift */,
				048D48AA2434971A00928810 /* AudioViewController.swift */,
				048D48AC2434978C00928810 /* MediaViewController.swift */,
				048D48AE2434A13400928810 /* CoreLocationViewController.swift */,
				048D48B02435887A00928810 /* MessageViewController.swift */,
				048D48B224358F5300928810 /* MailViewController.swift */,
				048D48B42435B57100928810 /* LocalizationViewController.swift */,
				048D48B62435C3BF00928810 /* RegexViewController.swift */,
				048D48B82435CE0200928810 /* SingletonViewController.swift */,
				048D48BA2435DE8300928810 /* ClosureViewController.swift */,
				048D48BC2435E3C700928810 /* CryptoViewController.swift */,
				048D48C52436CFE100928810 /* AirPrintViewController.swift */,
				048D48C72436D42A00928810 /* BezierPathViewController.swift */,
				048D48CD2436E77800928810 /* ReflectionViewController.swift */,
				048D48D52437246600928810 /* URLSchemesViewController.swift */,
				048D48DB243731D800928810 /* PasteboardViewController.swift */,
				048D48DD2437367A00928810 /* AsViewController.swift */,
				048D48E124373F7700928810 /* PhotoViewController.swift */,
				042B2CC02445B2510026136F /* CoreSpotlightViewController.swift */,
				042B2CCE2446E29A0026136F /* LayerViewController.swift */,
				042B2CD02446E5B20026136F /* ARViewController.swift */,
				042B2CD22446ECF60026136F /* WhereViewController.swift */,
				042B2CD42446F5200026136F /* NotificationsViewController.swift */,
				042B2CD82446FAA40026136F /* SetViewController.swift */,
				0446D716245280090010F426 /* DictionaryViewController.swift */,
			);
			path = Util;
			sourceTree = "<group>";
		};
/* End PBXGroup section */

/* Begin PBXNativeTarget section */
		04D62C262428C93800C9B7B8 /* SwiftTry */ = {
			isa = PBXNativeTarget;
			buildConfigurationList = 04D62C532428C93A00C9B7B8 /* Build configuration list for PBXNativeTarget "SwiftTry" */;
			buildPhases = (
				04D62C232428C93800C9B7B8 /* Sources */,
				04D62C242428C93800C9B7B8 /* Frameworks */,
				04D62C252428C93800C9B7B8 /* Resources */,
			);
			buildRules = (
			);
			dependencies = (
			);
			name = SwiftTry;
			productName = SwiftTry;
			productReference = 04D62C272428C93800C9B7B8 /* SwiftTry.app */;
			productType = "com.apple.product-type.application";
		};
		04D62C3E2428C93A00C9B7B8 /* SwiftTryTests */ = {
			isa = PBXNativeTarget;
			buildConfigurationList = 04D62C562428C93A00C9B7B8 /* Build configuration list for PBXNativeTarget "SwiftTryTests" */;
			buildPhases = (
				04D62C3B2428C93A00C9B7B8 /* Sources */,
				04D62C3C2428C93A00C9B7B8 /* Frameworks */,
				04D62C3D2428C93A00C9B7B8 /* Resources */,
			);
			buildRules = (
			);
			dependencies = (
				04D62C412428C93A00C9B7B8 /* PBXTargetDependency */,
			);
			name = SwiftTryTests;
			productName = SwiftTryTests;
			productReference = 04D62C3F2428C93A00C9B7B8 /* SwiftTryTests.xctest */;
			productType = "com.apple.product-type.bundle.unit-test";
		};
		04D62C492428C93A00C9B7B8 /* SwiftTryUITests */ = {
			isa = PBXNativeTarget;
			buildConfigurationList = 04D62C592428C93A00C9B7B8 /* Build configuration list for PBXNativeTarget "SwiftTryUITests" */;
			buildPhases = (
				04D62C462428C93A00C9B7B8 /* Sources */,
				04D62C472428C93A00C9B7B8 /* Frameworks */,
				04D62C482428C93A00C9B7B8 /* Resources */,
			);
			buildRules = (
			);
			dependencies = (
				04D62C4C2428C93A00C9B7B8 /* PBXTargetDependency */,
			);
			name = SwiftTryUITests;
			productName = SwiftTryUITests;
			productReference = 04D62C4A2428C93A00C9B7B8 /* SwiftTryUITests.xctest */;
			productType = "com.apple.product-type.bundle.ui-testing";
		};
/* End PBXNativeTarget section */

/* Begin PBXProject section */
		04D62C1F2428C93800C9B7B8 /* Project object */ = {
			isa = PBXProject;
			attributes = {
				LastSwiftUpdateCheck = 1130;
				LastUpgradeCheck = 1130;
				ORGANIZATIONNAME = AAA;
				TargetAttributes = {
					04D62C262428C93800C9B7B8 = {
						CreatedOnToolsVersion = 11.3.1;
					};
					04D62C3E2428C93A00C9B7B8 = {
						CreatedOnToolsVersion = 11.3.1;
						TestTargetID = 04D62C262428C93800C9B7B8;
					};
					04D62C492428C93A00C9B7B8 = {
						CreatedOnToolsVersion = 11.3.1;
						TestTargetID = 04D62C262428C93800C9B7B8;
					};
				};
			};
			buildConfigurationList = 04D62C222428C93800C9B7B8 /* Build configuration list for PBXProject "SwiftTry" */;
			compatibilityVersion = "Xcode 9.3";
			developmentRegion = en;
			hasScannedForEncodings = 0;
			knownRegions = (
				en,
				Base,
			);
			mainGroup = 04D62C1E2428C93800C9B7B8;
			productRefGroup = 04D62C282428C93800C9B7B8 /* Products */;
			projectDirPath = "";
			projectRoot = "";
			targets = (
				04D62C262428C93800C9B7B8 /* SwiftTry */,
				04D62C3E2428C93A00C9B7B8 /* SwiftTryTests */,
				04D62C492428C93A00C9B7B8 /* SwiftTryUITests */,
			);
		};
/* End PBXProject section */

/* Begin PBXResourcesBuildPhase section */
		04D62C252428C93800C9B7B8 /* Resources */ = {
			isa = PBXResourcesBuildPhase;
			buildActionMask = 2147483647;
			files = (
				04D62C392428C93A00C9B7B8 /* LaunchScreen.storyboard in Resources */,
				04D62C362428C93A00C9B7B8 /* Assets.xcassets in Resources */,
				04D62C342428C93800C9B7B8 /* Main.storyboard in Resources */,
			);
			runOnlyForDeploymentPostprocessing = 0;
		};
		04D62C3D2428C93A00C9B7B8 /* Resources */ = {
			isa = PBXResourcesBuildPhase;
			buildActionMask = 2147483647;
			files = (
			);
			runOnlyForDeploymentPostprocessing = 0;
		};
		04D62C482428C93A00C9B7B8 /* Resources */ = {
			isa = PBXResourcesBuildPhase;
			buildActionMask = 2147483647;
			files = (
			);
			runOnlyForDeploymentPostprocessing = 0;
		};
/* End PBXResourcesBuildPhase section */

/* Begin PBXSourcesBuildPhase section */
		04D62C232428C93800C9B7B8 /* Sources */ = {
			isa = PBXSourcesBuildPhase;
			buildActionMask = 2147483647;
			files = (
				048D48B72435C3BF00928810 /* RegexViewController.swift in Sources */,
				042B2CC12445B2510026136F /* CoreSpotlightViewController.swift in Sources */,
				048D489D24347E1600928810 /* DeviceViewController.swift in Sources */,
				042B2CD72446F7C50026136F /* CryptoSwiftViewController.swift in Sources */,
				042B2CD52446F5200026136F /* NotificationsViewController.swift in Sources */,
				048D485F242C58AF00928810 /* TextViewViewController.swift in Sources */,
				048D4875242CB9B800928810 /* DatePickerViewController.swift in Sources */,
				04FCF0C0242A19D00068BC27 /* RangeViewController.swift in Sources */,
				042B2CE92448356A0026136F /* SideMenuViewController.swift in Sources */,
				048D4883242DE39D00928810 /* ActivityViewController.swift in Sources */,
				048D48A3243490F400928810 /* CoreDataViewController.swift in Sources */,
				048D48952431DEFF00928810 /* IndicatorViewController.swift in Sources */,
				048D48B92435CE0200928810 /* SingletonViewController.swift in Sources */,
				042B2CE12447F6CE0026136F /* ChartsViewController.swift in Sources */,
				04D62C312428C93800C9B7B8 /* SecondViewController.swift in Sources */,
				048D48DA2437280300928810 /* ImageHelperViewController.swift in Sources */,
				048D48DC243731D800928810 /* PasteboardViewController.swift in Sources */,
				048D48A92434961300928810 /* AudioToolboxViewController.swift in Sources */,
				048D4865242C7E1F00928810 /* ImageViewController.swift in Sources */,
				048D48CA2436E15500928810 /* NavigationViewController.swift in Sources */,
				048D488F24319D6E00928810 /* AnimationViewController.swift in Sources */,
				048D486F242C91D600928810 /* ScrollViewViewController.swift in Sources */,
				04D62C2F2428C93800C9B7B8 /* FirstViewController.swift in Sources */,
				042B2CD92446FAA40026136F /* SetViewController.swift in Sources */,
				048D48912431C37400928810 /* UserDefaultViewController.swift in Sources */,
				042B2CCF2446E29A0026136F /* LayerViewController.swift in Sources */,
				048D48932431DCDB00928810 /* TimerViewController.swift in Sources */,
				048D48D8243725EF00928810 /* GIFViewController.swift in Sources */,
				048D48D22437148D00928810 /* LINQViewController.swift in Sources */,
				048D48BF2435E80A00928810 /* WebViewController.swift in Sources */,
				048D4889242E08BE00928810 /* AlertViewController.swift in Sources */,
				048D485D242C542D00928810 /* TextFieldViewController.swift in Sources */,
				048D488D24319C0400928810 /* CalculationViewController.swift in Sources */,
				048D4869242C84FE00928810 /* SliderViewController.swift in Sources */,
				048D48CC2436E4A600928810 /* AlamofireViewController.swift in Sources */,
				04D62C2B2428C93800C9B7B8 /* AppDelegate.swift in Sources */,
				04D62C6B2429DE0C00C9B7B8 /* RandomViewController.swift in Sources */,
				048D48D62437246600928810 /* URLSchemesViewController.swift in Sources */,
				048D48A5243491E200928810 /* iCloudViewController.swift in Sources */,
				042B2CE324482AE30026136F /* SwiftDateViewController.swift in Sources */,
				048D48C12435F35200928810 /* LibTableViewController.swift in Sources */,
				042B2CD12446E5B20026136F /* ARViewController.swift in Sources */,
				048D48A12434885500928810 /* AssetsLibraryViewController.swift in Sources */,
				042B2CDD244704000026136F /* RxSwiftViewController.swift in Sources */,
				04D62C692429DBD800C9B7B8 /* StringViewController.swift in Sources */,
				042B2CCD2446E05C0026136F /* StackViewViewController.swift in Sources */,
				042B2CE7244832190026136F /* AAInfographicsViewController.swift in Sources */,
				048D486B242C88FE00928810 /* PickerViewController.swift in Sources */,
				048D489B2434762900928810 /* ThreadViewController.swift in Sources */,
				048D4873242CA5D500928810 /* GestureViewController.swift in Sources */,
				048D48C62436CFE100928810 /* AirPrintViewController.swift in Sources */,
				048D487B242DD11B00928810 /* SearchBarViewController.swift in Sources */,
				048D48DE2437367A00928810 /* AsViewController.swift in Sources */,
				042B2CC32445B7300026136F /* GCDWebServerViewController.swift in Sources */,
				048D48B12435887A00928810 /* MessageViewController.swift in Sources */,
				048D48B324358F5300928810 /* MailViewController.swift in Sources */,
				048D48C82436D42A00928810 /* BezierPathViewController.swift in Sources */,
				042B2CDB2446FC050026136F /* SwipeCellKitViewController.swift in Sources */,
				048D4887242DFC8000928810 /* JsonViewController.swift in Sources */,
				048D489F2434830300928810 /* SocketViewController.swift in Sources */,
				048D48D42437156400928810 /* ZipArchiveViewController.swift in Sources */,
				048D489924346FC400928810 /* SpriteKit ViewController.swift in Sources */,
				048D48AD2434978C00928810 /* MediaViewController.swift in Sources */,
				048D487D242DD50700928810 /* CollectionViewController.swift in Sources */,
				048D4863242C660500928810 /* SegmentViewController.swift in Sources */,
				04D62C2D2428C93800C9B7B8 /* SceneDelegate.swift in Sources */,
				042B2CCB2446DD060026136F /* SCLAlertViewViewController.swift in Sources */,
				048D4885242DEC1100928810 /* EventKitViewController.swift in Sources */,
				048D48C42435F3DC00928810 /* RealmViewController.swift in Sources */,
				048D48A7243493E400928810 /* ImagePickerViewController.swift in Sources */,
				042B2CDF24470DAC0026136F /* MBProgressHUDViewController.swift in Sources */,
				048D4877242D986600928810 /* ToolbarViewController.swift in Sources */,
				048D4859242AF75C00928810 /* FileViewController.swift in Sources */,
				04D62C642429C9DC00C9B7B8 /* ButtonViewController.swift in Sources */,
				042B2CBD244595960026136F /* XCGLoggerViewController.swift in Sources */,
				048D48E0243739FE00928810 /* SnapKitViewController.swift in Sources */,
				048D48BB2435DE8300928810 /* ClosureViewController.swift in Sources */,
				04D62C5D2428CAAA00C9B7B8 /* BasicTableViewController.swift in Sources */,
				048D4861242C5FA100928810 /* SwitchViewController.swift in Sources */,
				048D4871242C976E00928810 /* CoreMotionViewController.swift in Sources */,
				042B2CC72446D8D40026136F /* BTNavigationDropdownMenuViewController.swift in Sources */,
				04B174A52444698F001E994F /* SwiftSocketViewController.swift in Sources */,
				048D48CE2436E77800928810 /* ReflectionViewController.swift in Sources */,
				042B2CC52446AEE40026136F /* ObjectMapperViewController.swift in Sources */,
				048D4867242C82D700928810 /* ProgressViewController.swift in Sources */,
				048D486D242C8EF500928810 /* StepperViewController.swift in Sources */,
				0446D717245280090010F426 /* DictionaryViewController.swift in Sources */,
				04D62C662429DB2C00C9B7B8 /* UtilTableViewController.swift in Sources */,
				048D489724346BB800928810 /* ArrayViewController.swift in Sources */,
				048D4881242DDCED00928810 /* ColorViewController.swift in Sources */,
				048D48BD2435E3C700928810 /* CryptoViewController.swift in Sources */,
				04B174A3244462F6001E994F /* IjkplayerViewController.swift in Sources */,
				048D487F242DDA5A00928810 /* PageControlViewController.swift in Sources */,
				042B2CD32446ECF60026136F /* WhereViewController.swift in Sources */,
				042B2CC92446D9780026136F /* PagingMenuControllerViewController.swift in Sources */,
				048D4879242DA07300928810 /* TableViewController.swift in Sources */,
				048D485B242C4E5D00928810 /* LabelViewController.swift in Sources */,
				048D48AF2434A13400928810 /* CoreLocationViewController.swift in Sources */,
				048D48B52435B57100928810 /* LocalizationViewController.swift in Sources */,
				042B2CE524482BF10026136F /* PromiseKitViewController.swift in Sources */,
				048D48AB2434971A00928810 /* AudioViewController.swift in Sources */,
				042B2CBF2445A1050026136F /* CVCalendarViewController.swift in Sources */,
				048D48D02437109500928810 /* JSONViewController.swift in Sources */,
				048D48E224373F7700928810 /* PhotoViewController.swift in Sources */,
			);
			runOnlyForDeploymentPostprocessing = 0;
		};
		04D62C3B2428C93A00C9B7B8 /* Sources */ = {
			isa = PBXSourcesBuildPhase;
			buildActionMask = 2147483647;
			files = (
				04D62C442428C93A00C9B7B8 /* SwiftTryTests.swift in Sources */,
			);
			runOnlyForDeploymentPostprocessing = 0;
		};
		04D62C462428C93A00C9B7B8 /* Sources */ = {
			isa = PBXSourcesBuildPhase;
			buildActionMask = 2147483647;
			files = (
				04D62C4F2428C93A00C9B7B8 /* SwiftTryUITests.swift in Sources */,
			);
			runOnlyForDeploymentPostprocessing = 0;
		};
/* End PBXSourcesBuildPhase section */

/* Begin PBXTargetDependency section */
		04D62C412428C93A00C9B7B8 /* PBXTargetDependency */ = {
			isa = PBXTargetDependency;
			target = 04D62C262428C93800C9B7B8 /* SwiftTry */;
			targetProxy = 04D62C402428C93A00C9B7B8 /* PBXContainerItemProxy */;
		};
		04D62C4C2428C93A00C9B7B8 /* PBXTargetDependency */ = {
			isa = PBXTargetDependency;
			target = 04D62C262428C93800C9B7B8 /* SwiftTry */;
			targetProxy = 04D62C4B2428C93A00C9B7B8 /* PBXContainerItemProxy */;
		};
/* End PBXTargetDependency section */

/* Begin PBXVariantGroup section */
		04D62C322428C93800C9B7B8 /* Main.storyboard */ = {
			isa = PBXVariantGroup;
			children = (
				04D62C332428C93800C9B7B8 /* Base */,
			);
			name = Main.storyboard;
			sourceTree = "<group>";
		};
		04D62C372428C93A00C9B7B8 /* LaunchScreen.storyboard */ = {
			isa = PBXVariantGroup;
			children = (
				04D62C382428C93A00C9B7B8 /* Base */,
			);
			name = LaunchScreen.storyboard;
			sourceTree = "<group>";
		};
/* End PBXVariantGroup section */

/* Begin XCBuildConfiguration section */
		04D62C512428C93A00C9B7B8 /* Debug */ = {
			isa = XCBuildConfiguration;
			buildSettings = {
				ALWAYS_SEARCH_USER_PATHS = NO;
				CLANG_ANALYZER_NONNULL = YES;
				CLANG_ANALYZER_NUMBER_OBJECT_CONVERSION = YES_AGGRESSIVE;
				CLANG_CXX_LANGUAGE_STANDARD = "gnu++14";
				CLANG_CXX_LIBRARY = "libc++";
				CLANG_ENABLE_MODULES = YES;
				CLANG_ENABLE_OBJC_ARC = YES;
				CLANG_ENABLE_OBJC_WEAK = YES;
				CLANG_WARN_BLOCK_CAPTURE_AUTORELEASING = YES;
				CLANG_WARN_BOOL_CONVERSION = YES;
				CLANG_WARN_COMMA = YES;
				CLANG_WARN_CONSTANT_CONVERSION = YES;
				CLANG_WARN_DEPRECATED_OBJC_IMPLEMENTATIONS = YES;
				CLANG_WARN_DIRECT_OBJC_ISA_USAGE = YES_ERROR;
				CLANG_WARN_DOCUMENTATION_COMMENTS = YES;
				CLANG_WARN_EMPTY_BODY = YES;
				CLANG_WARN_ENUM_CONVERSION = YES;
				CLANG_WARN_INFINITE_RECURSION = YES;
				CLANG_WARN_INT_CONVERSION = YES;
				CLANG_WARN_NON_LITERAL_NULL_CONVERSION = YES;
				CLANG_WARN_OBJC_IMPLICIT_RETAIN_SELF = YES;
				CLANG_WARN_OBJC_LITERAL_CONVERSION = YES;
				CLANG_WARN_OBJC_ROOT_CLASS = YES_ERROR;
				CLANG_WARN_RANGE_LOOP_ANALYSIS = YES;
				CLANG_WARN_STRICT_PROTOTYPES = YES;
				CLANG_WARN_SUSPICIOUS_MOVE = YES;
				CLANG_WARN_UNGUARDED_AVAILABILITY = YES_AGGRESSIVE;
				CLANG_WARN_UNREACHABLE_CODE = YES;
				CLANG_WARN__DUPLICATE_METHOD_MATCH = YES;
				COPY_PHASE_STRIP = NO;
				DEBUG_INFORMATION_FORMAT = dwarf;
				ENABLE_STRICT_OBJC_MSGSEND = YES;
				ENABLE_TESTABILITY = YES;
				GCC_C_LANGUAGE_STANDARD = gnu11;
				GCC_DYNAMIC_NO_PIC = NO;
				GCC_NO_COMMON_BLOCKS = YES;
				GCC_OPTIMIZATION_LEVEL = 0;
				GCC_PREPROCESSOR_DEFINITIONS = (
					"DEBUG=1",
					"$(inherited)",
				);
				GCC_WARN_64_TO_32_BIT_CONVERSION = YES;
				GCC_WARN_ABOUT_RETURN_TYPE = YES_ERROR;
				GCC_WARN_UNDECLARED_SELECTOR = YES;
				GCC_WARN_UNINITIALIZED_AUTOS = YES_AGGRESSIVE;
				GCC_WARN_UNUSED_FUNCTION = YES;
				GCC_WARN_UNUSED_VARIABLE = YES;
				IPHONEOS_DEPLOYMENT_TARGET = 13.2;
				MTL_ENABLE_DEBUG_INFO = INCLUDE_SOURCE;
				MTL_FAST_MATH = YES;
				ONLY_ACTIVE_ARCH = YES;
				SDKROOT = iphoneos;
				SWIFT_ACTIVE_COMPILATION_CONDITIONS = DEBUG;
				SWIFT_OPTIMIZATION_LEVEL = "-Onone";
			};
			name = Debug;
		};
		04D62C522428C93A00C9B7B8 /* Release */ = {
			isa = XCBuildConfiguration;
			buildSettings = {
				ALWAYS_SEARCH_USER_PATHS = NO;
				CLANG_ANALYZER_NONNULL = YES;
				CLANG_ANALYZER_NUMBER_OBJECT_CONVERSION = YES_AGGRESSIVE;
				CLANG_CXX_LANGUAGE_STANDARD = "gnu++14";
				CLANG_CXX_LIBRARY = "libc++";
				CLANG_ENABLE_MODULES = YES;
				CLANG_ENABLE_OBJC_ARC = YES;
				CLANG_ENABLE_OBJC_WEAK = YES;
				CLANG_WARN_BLOCK_CAPTURE_AUTORELEASING = YES;
				CLANG_WARN_BOOL_CONVERSION = YES;
				CLANG_WARN_COMMA = YES;
				CLANG_WARN_CONSTANT_CONVERSION = YES;
				CLANG_WARN_DEPRECATED_OBJC_IMPLEMENTATIONS = YES;
				CLANG_WARN_DIRECT_OBJC_ISA_USAGE = YES_ERROR;
				CLANG_WARN_DOCUMENTATION_COMMENTS = YES;
				CLANG_WARN_EMPTY_BODY = YES;
				CLANG_WARN_ENUM_CONVERSION = YES;
				CLANG_WARN_INFINITE_RECURSION = YES;
				CLANG_WARN_INT_CONVERSION = YES;
				CLANG_WARN_NON_LITERAL_NULL_CONVERSION = YES;
				CLANG_WARN_OBJC_IMPLICIT_RETAIN_SELF = YES;
				CLANG_WARN_OBJC_LITERAL_CONVERSION = YES;
				CLANG_WARN_OBJC_ROOT_CLASS = YES_ERROR;
				CLANG_WARN_RANGE_LOOP_ANALYSIS = YES;
				CLANG_WARN_STRICT_PROTOTYPES = YES;
				CLANG_WARN_SUSPICIOUS_MOVE = YES;
				CLANG_WARN_UNGUARDED_AVAILABILITY = YES_AGGRESSIVE;
				CLANG_WARN_UNREACHABLE_CODE = YES;
				CLANG_WARN__DUPLICATE_METHOD_MATCH = YES;
				COPY_PHASE_STRIP = NO;
				DEBUG_INFORMATION_FORMAT = "dwarf-with-dsym";
				ENABLE_NS_ASSERTIONS = NO;
				ENABLE_STRICT_OBJC_MSGSEND = YES;
				GCC_C_LANGUAGE_STANDARD = gnu11;
				GCC_NO_COMMON_BLOCKS = YES;
				GCC_WARN_64_TO_32_BIT_CONVERSION = YES;
				GCC_WARN_ABOUT_RETURN_TYPE = YES_ERROR;
				GCC_WARN_UNDECLARED_SELECTOR = YES;
				GCC_WARN_UNINITIALIZED_AUTOS = YES_AGGRESSIVE;
				GCC_WARN_UNUSED_FUNCTION = YES;
				GCC_WARN_UNUSED_VARIABLE = YES;
				IPHONEOS_DEPLOYMENT_TARGET = 13.2;
				MTL_ENABLE_DEBUG_INFO = NO;
				MTL_FAST_MATH = YES;
				SDKROOT = iphoneos;
				SWIFT_COMPILATION_MODE = wholemodule;
				SWIFT_OPTIMIZATION_LEVEL = "-O";
				VALIDATE_PRODUCT = YES;
			};
			name = Release;
		};
		04D62C542428C93A00C9B7B8 /* Debug */ = {
			isa = XCBuildConfiguration;
			buildSettings = {
				ASSETCATALOG_COMPILER_APPICON_NAME = AppIcon;
				CODE_SIGN_STYLE = Automatic;
				INFOPLIST_FILE = SwiftTry/Info.plist;
				LD_RUNPATH_SEARCH_PATHS = (
					"$(inherited)",
					"@executable_path/Frameworks",
				);
				PRODUCT_BUNDLE_IDENTIFIER = com.abc.SwiftTry;
				PRODUCT_NAME = "$(TARGET_NAME)";
				SWIFT_VERSION = 5.0;
				TARGETED_DEVICE_FAMILY = "1,2";
			};
			name = Debug;
		};
		04D62C552428C93A00C9B7B8 /* Release */ = {
			isa = XCBuildConfiguration;
			buildSettings = {
				ASSETCATALOG_COMPILER_APPICON_NAME = AppIcon;
				CODE_SIGN_STYLE = Automatic;
				INFOPLIST_FILE = SwiftTry/Info.plist;
				LD_RUNPATH_SEARCH_PATHS = (
					"$(inherited)",
					"@executable_path/Frameworks",
				);
				PRODUCT_BUNDLE_IDENTIFIER = com.abc.SwiftTry;
				PRODUCT_NAME = "$(TARGET_NAME)";
				SWIFT_VERSION = 5.0;
				TARGETED_DEVICE_FAMILY = "1,2";
			};
			name = Release;
		};
		04D62C572428C93A00C9B7B8 /* Debug */ = {
			isa = XCBuildConfiguration;
			buildSettings = {
				ALWAYS_EMBED_SWIFT_STANDARD_LIBRARIES = YES;
				BUNDLE_LOADER = "$(TEST_HOST)";
				CODE_SIGN_STYLE = Automatic;
				INFOPLIST_FILE = SwiftTryTests/Info.plist;
				IPHONEOS_DEPLOYMENT_TARGET = 13.2;
				LD_RUNPATH_SEARCH_PATHS = (
					"$(inherited)",
					"@executable_path/Frameworks",
					"@loader_path/Frameworks",
				);
				PRODUCT_BUNDLE_IDENTIFIER = com.abc.SwiftTryTests;
				PRODUCT_NAME = "$(TARGET_NAME)";
				SWIFT_VERSION = 5.0;
				TARGETED_DEVICE_FAMILY = "1,2";
				TEST_HOST = "$(BUILT_PRODUCTS_DIR)/SwiftTry.app/SwiftTry";
			};
			name = Debug;
		};
		04D62C582428C93A00C9B7B8 /* Release */ = {
			isa = XCBuildConfiguration;
			buildSettings = {
				ALWAYS_EMBED_SWIFT_STANDARD_LIBRARIES = YES;
				BUNDLE_LOADER = "$(TEST_HOST)";
				CODE_SIGN_STYLE = Automatic;
				INFOPLIST_FILE = SwiftTryTests/Info.plist;
				IPHONEOS_DEPLOYMENT_TARGET = 13.2;
				LD_RUNPATH_SEARCH_PATHS = (
					"$(inherited)",
					"@executable_path/Frameworks",
					"@loader_path/Frameworks",
				);
				PRODUCT_BUNDLE_IDENTIFIER = com.abc.SwiftTryTests;
				PRODUCT_NAME = "$(TARGET_NAME)";
				SWIFT_VERSION = 5.0;
				TARGETED_DEVICE_FAMILY = "1,2";
				TEST_HOST = "$(BUILT_PRODUCTS_DIR)/SwiftTry.app/SwiftTry";
			};
			name = Release;
		};
		04D62C5A2428C93A00C9B7B8 /* Debug */ = {
			isa = XCBuildConfiguration;
			buildSettings = {
				ALWAYS_EMBED_SWIFT_STANDARD_LIBRARIES = YES;
				CODE_SIGN_STYLE = Automatic;
				INFOPLIST_FILE = SwiftTryUITests/Info.plist;
				LD_RUNPATH_SEARCH_PATHS = (
					"$(inherited)",
					"@executable_path/Frameworks",
					"@loader_path/Frameworks",
				);
				PRODUCT_BUNDLE_IDENTIFIER = com.abc.SwiftTryUITests;
				PRODUCT_NAME = "$(TARGET_NAME)";
				SWIFT_VERSION = 5.0;
				TARGETED_DEVICE_FAMILY = "1,2";
				TEST_TARGET_NAME = SwiftTry;
			};
			name = Debug;
		};
		04D62C5B2428C93A00C9B7B8 /* Release */ = {
			isa = XCBuildConfiguration;
			buildSettings = {
				ALWAYS_EMBED_SWIFT_STANDARD_LIBRARIES = YES;
				CODE_SIGN_STYLE = Automatic;
				INFOPLIST_FILE = SwiftTryUITests/Info.plist;
				LD_RUNPATH_SEARCH_PATHS = (
					"$(inherited)",
					"@executable_path/Frameworks",
					"@loader_path/Frameworks",
				);
				PRODUCT_BUNDLE_IDENTIFIER = com.abc.SwiftTryUITests;
				PRODUCT_NAME = "$(TARGET_NAME)";
				SWIFT_VERSION = 5.0;
				TARGETED_DEVICE_FAMILY = "1,2";
				TEST_TARGET_NAME = SwiftTry;
			};
			name = Release;
		};
/* End XCBuildConfiguration section */

/* Begin XCConfigurationList section */
		04D62C222428C93800C9B7B8 /* Build configuration list for PBXProject "SwiftTry" */ = {
			isa = XCConfigurationList;
			buildConfigurations = (
				04D62C512428C93A00C9B7B8 /* Debug */,
				04D62C522428C93A00C9B7B8 /* Release */,
			);
			defaultConfigurationIsVisible = 0;
			defaultConfigurationName = Release;
		};
		04D62C532428C93A00C9B7B8 /* Build configuration list for PBXNativeTarget "SwiftTry" */ = {
			isa = XCConfigurationList;
			buildConfigurations = (
				04D62C542428C93A00C9B7B8 /* Debug */,
				04D62C552428C93A00C9B7B8 /* Release */,
			);
			defaultConfigurationIsVisible = 0;
			defaultConfigurationName = Release;
		};
		04D62C562428C93A00C9B7B8 /* Build configuration list for PBXNativeTarget "SwiftTryTests" */ = {
			isa = XCConfigurationList;
			buildConfigurations = (
				04D62C572428C93A00C9B7B8 /* Debug */,
				04D62C582428C93A00C9B7B8 /* Release */,
			);
			defaultConfigurationIsVisible = 0;
			defaultConfigurationName = Release;
		};
		04D62C592428C93A00C9B7B8 /* Build configuration list for PBXNativeTarget "SwiftTryUITests" */ = {
			isa = XCConfigurationList;
			buildConfigurations = (
				04D62C5A2428C93A00C9B7B8 /* Debug */,
				04D62C5B2428C93A00C9B7B8 /* Release */,
			);
			defaultConfigurationIsVisible = 0;
			defaultConfigurationName = Release;
		};
/* End XCConfigurationList section */
	};
	rootObject = 04D62C1F2428C93800C9B7B8 /* Project object */;
}
